// !$*UTF8*$!
{
	archiveVersion = 1;
	classes = {
	};
	objectVersion = 48;
	objects = {

/* Begin PBXBuildFile section */
		72A6CD012099867300485ADC /* QRCameraViewController.swift in Sources */ = {isa = PBXBuildFile; fileRef = 72A6CD002099867300485ADC /* QRCameraViewController.swift */; };
		72DB00522094361F00FB0983 /* AppDelegate.swift in Sources */ = {isa = PBXBuildFile; fileRef = 72DB00512094361F00FB0983 /* AppDelegate.swift */; };
		72DB00542094361F00FB0983 /* NewsViewController.swift in Sources */ = {isa = PBXBuildFile; fileRef = 72DB00532094361F00FB0983 /* NewsViewController.swift */; };
		72DB00572094361F00FB0983 /* Main.storyboard in Resources */ = {isa = PBXBuildFile; fileRef = 72DB00552094361F00FB0983 /* Main.storyboard */; };
		72DB00592094361F00FB0983 /* Assets.xcassets in Resources */ = {isa = PBXBuildFile; fileRef = 72DB00582094361F00FB0983 /* Assets.xcassets */; };
		72DB005C2094361F00FB0983 /* LaunchScreen.storyboard in Resources */ = {isa = PBXBuildFile; fileRef = 72DB005A2094361F00FB0983 /* LaunchScreen.storyboard */; };
		72DB00672094361F00FB0983 /* Swim4LoveTests.swift in Sources */ = {isa = PBXBuildFile; fileRef = 72DB00662094361F00FB0983 /* Swim4LoveTests.swift */; };
		72DB00722094361F00FB0983 /* Swim4LoveUITests.swift in Sources */ = {isa = PBXBuildFile; fileRef = 72DB00712094361F00FB0983 /* Swim4LoveUITests.swift */; };
		72DB0080209479CF00FB0983 /* LeaderboardViewController.swift in Sources */ = {isa = PBXBuildFile; fileRef = 72DB007F209479CF00FB0983 /* LeaderboardViewController.swift */; };
		72DB008220947D0700FB0983 /* PersonalViewController.swift in Sources */ = {isa = PBXBuildFile; fileRef = 72DB008120947D0700FB0983 /* PersonalViewController.swift */; };
		72DB008420948E4500FB0983 /* PersonalDetailViewController.swift in Sources */ = {isa = PBXBuildFile; fileRef = 72DB008320948E4500FB0983 /* PersonalDetailViewController.swift */; };
/* End PBXBuildFile section */

/* Begin PBXContainerItemProxy section */
		72DB00632094361F00FB0983 /* PBXContainerItemProxy */ = {
			isa = PBXContainerItemProxy;
			containerPortal = 72DB00462094361F00FB0983 /* Project object */;
			proxyType = 1;
			remoteGlobalIDString = 72DB004D2094361F00FB0983;
			remoteInfo = Swim4Love;
		};
		72DB006E2094361F00FB0983 /* PBXContainerItemProxy */ = {
			isa = PBXContainerItemProxy;
			containerPortal = 72DB00462094361F00FB0983 /* Project object */;
			proxyType = 1;
			remoteGlobalIDString = 72DB004D2094361F00FB0983;
			remoteInfo = Swim4Love;
		};
/* End PBXContainerItemProxy section */

/* Begin PBXFileReference section */
		72A6CD002099867300485ADC /* QRCameraViewController.swift */ = {isa = PBXFileReference; lastKnownFileType = sourcecode.swift; path = QRCameraViewController.swift; sourceTree = "<group>"; };
		72DB004E2094361F00FB0983 /* Swim4Love.app */ = {isa = PBXFileReference; explicitFileType = wrapper.application; includeInIndex = 0; path = Swim4Love.app; sourceTree = BUILT_PRODUCTS_DIR; };
		72DB00512094361F00FB0983 /* AppDelegate.swift */ = {isa = PBXFileReference; lastKnownFileType = sourcecode.swift; path = AppDelegate.swift; sourceTree = "<group>"; };
		72DB00532094361F00FB0983 /* NewsViewController.swift */ = {isa = PBXFileReference; lastKnownFileType = sourcecode.swift; path = NewsViewController.swift; sourceTree = "<group>"; };
		72DB00562094361F00FB0983 /* Base */ = {isa = PBXFileReference; lastKnownFileType = file.storyboard; name = Base; path = Base.lproj/Main.storyboard; sourceTree = "<group>"; };
		72DB00582094361F00FB0983 /* Assets.xcassets */ = {isa = PBXFileReference; lastKnownFileType = folder.assetcatalog; path = Assets.xcassets; sourceTree = "<group>"; };
		72DB005B2094361F00FB0983 /* Base */ = {isa = PBXFileReference; lastKnownFileType = file.storyboard; name = Base; path = Base.lproj/LaunchScreen.storyboard; sourceTree = "<group>"; };
		72DB005D2094361F00FB0983 /* Info.plist */ = {isa = PBXFileReference; lastKnownFileType = text.plist.xml; path = Info.plist; sourceTree = "<group>"; };
		72DB00622094361F00FB0983 /* Swim4LoveTests.xctest */ = {isa = PBXFileReference; explicitFileType = wrapper.cfbundle; includeInIndex = 0; path = Swim4LoveTests.xctest; sourceTree = BUILT_PRODUCTS_DIR; };
		72DB00662094361F00FB0983 /* Swim4LoveTests.swift */ = {isa = PBXFileReference; lastKnownFileType = sourcecode.swift; path = Swim4LoveTests.swift; sourceTree = "<group>"; };
		72DB00682094361F00FB0983 /* Info.plist */ = {isa = PBXFileReference; lastKnownFileType = text.plist.xml; path = Info.plist; sourceTree = "<group>"; };
		72DB006D2094361F00FB0983 /* Swim4LoveUITests.xctest */ = {isa = PBXFileReference; explicitFileType = wrapper.cfbundle; includeInIndex = 0; path = Swim4LoveUITests.xctest; sourceTree = BUILT_PRODUCTS_DIR; };
		72DB00712094361F00FB0983 /* Swim4LoveUITests.swift */ = {isa = PBXFileReference; lastKnownFileType = sourcecode.swift; path = Swim4LoveUITests.swift; sourceTree = "<group>"; };
		72DB00732094361F00FB0983 /* Info.plist */ = {isa = PBXFileReference; lastKnownFileType = text.plist.xml; path = Info.plist; sourceTree = "<group>"; };
		72DB007F209479CF00FB0983 /* LeaderboardViewController.swift */ = {isa = PBXFileReference; lastKnownFileType = sourcecode.swift; path = LeaderboardViewController.swift; sourceTree = "<group>"; };
		72DB008120947D0700FB0983 /* PersonalViewController.swift */ = {isa = PBXFileReference; lastKnownFileType = sourcecode.swift; path = PersonalViewController.swift; sourceTree = "<group>"; };
		72DB008320948E4500FB0983 /* PersonalDetailViewController.swift */ = {isa = PBXFileReference; lastKnownFileType = sourcecode.swift; path = PersonalDetailViewController.swift; sourceTree = "<group>"; };
/* End PBXFileReference section */

/* Begin PBXFrameworksBuildPhase section */
		72DB004B2094361F00FB0983 /* Frameworks */ = {
			isa = PBXFrameworksBuildPhase;
			buildActionMask = 2147483647;
			files = (
			);
			runOnlyForDeploymentPostprocessing = 0;
		};
		72DB005F2094361F00FB0983 /* Frameworks */ = {
			isa = PBXFrameworksBuildPhase;
			buildActionMask = 2147483647;
			files = (
			);
			runOnlyForDeploymentPostprocessing = 0;
		};
		72DB006A2094361F00FB0983 /* Frameworks */ = {
			isa = PBXFrameworksBuildPhase;
			buildActionMask = 2147483647;
			files = (
			);
			runOnlyForDeploymentPostprocessing = 0;
		};
/* End PBXFrameworksBuildPhase section */

/* Begin PBXGroup section */
		72DB00452094361F00FB0983 = {
			isa = PBXGroup;
			children = (
				72DB00502094361F00FB0983 /* Swim4Love */,
				72DB00652094361F00FB0983 /* Swim4LoveTests */,
				72DB00702094361F00FB0983 /* Swim4LoveUITests */,
				72DB004F2094361F00FB0983 /* Products */,
			);
			sourceTree = "<group>";
		};
		72DB004F2094361F00FB0983 /* Products */ = {
			isa = PBXGroup;
			children = (
				72DB004E2094361F00FB0983 /* Swim4Love.app */,
				72DB00622094361F00FB0983 /* Swim4LoveTests.xctest */,
				72DB006D2094361F00FB0983 /* Swim4LoveUITests.xctest */,
			);
			name = Products;
			sourceTree = "<group>";
		};
		72DB00502094361F00FB0983 /* Swim4Love */ = {
			isa = PBXGroup;
			children = (
				72DB00512094361F00FB0983 /* AppDelegate.swift */,
				72DB00532094361F00FB0983 /* NewsViewController.swift */,
				72DB007F209479CF00FB0983 /* LeaderboardViewController.swift */,
				72DB00552094361F00FB0983 /* Main.storyboard */,
				72A6CD002099867300485ADC /* QRCameraViewController.swift */,
				72DB008320948E4500FB0983 /* PersonalDetailViewController.swift */,
				72DB008120947D0700FB0983 /* PersonalViewController.swift */,
				72DB00582094361F00FB0983 /* Assets.xcassets */,
				72DB005A2094361F00FB0983 /* LaunchScreen.storyboard */,
				72DB005D2094361F00FB0983 /* Info.plist */,
			);
			path = Swim4Love;
			sourceTree = "<group>";
		};
		72DB00652094361F00FB0983 /* Swim4LoveTests */ = {
			isa = PBXGroup;
			children = (
				72DB00662094361F00FB0983 /* Swim4LoveTests.swift */,
				72DB00682094361F00FB0983 /* Info.plist */,
			);
			path = Swim4LoveTests;
			sourceTree = "<group>";
		};
		72DB00702094361F00FB0983 /* Swim4LoveUITests */ = {
			isa = PBXGroup;
			children = (
				72DB00712094361F00FB0983 /* Swim4LoveUITests.swift */,
				72DB00732094361F00FB0983 /* Info.plist */,
			);
			path = Swim4LoveUITests;
			sourceTree = "<group>";
		};
/* End PBXGroup section */

/* Begin PBXNativeTarget section */
		72DB004D2094361F00FB0983 /* Swim4Love */ = {
			isa = PBXNativeTarget;
			buildConfigurationList = 72DB00762094361F00FB0983 /* Build configuration list for PBXNativeTarget "Swim4Love" */;
			buildPhases = (
				72DB004A2094361F00FB0983 /* Sources */,
				72DB004B2094361F00FB0983 /* Frameworks */,
				72DB004C2094361F00FB0983 /* Resources */,
			);
			buildRules = (
			);
			dependencies = (
			);
			name = Swim4Love;
			productName = Swim4Love;
			productReference = 72DB004E2094361F00FB0983 /* Swim4Love.app */;
			productType = "com.apple.product-type.application";
		};
		72DB00612094361F00FB0983 /* Swim4LoveTests */ = {
			isa = PBXNativeTarget;
			buildConfigurationList = 72DB00792094361F00FB0983 /* Build configuration list for PBXNativeTarget "Swim4LoveTests" */;
			buildPhases = (
				72DB005E2094361F00FB0983 /* Sources */,
				72DB005F2094361F00FB0983 /* Frameworks */,
				72DB00602094361F00FB0983 /* Resources */,
			);
			buildRules = (
			);
			dependencies = (
				72DB00642094361F00FB0983 /* PBXTargetDependency */,
			);
			name = Swim4LoveTests;
			productName = Swim4LoveTests;
			productReference = 72DB00622094361F00FB0983 /* Swim4LoveTests.xctest */;
			productType = "com.apple.product-type.bundle.unit-test";
		};
		72DB006C2094361F00FB0983 /* Swim4LoveUITests */ = {
			isa = PBXNativeTarget;
			buildConfigurationList = 72DB007C2094361F00FB0983 /* Build configuration list for PBXNativeTarget "Swim4LoveUITests" */;
			buildPhases = (
				72DB00692094361F00FB0983 /* Sources */,
				72DB006A2094361F00FB0983 /* Frameworks */,
				72DB006B2094361F00FB0983 /* Resources */,
			);
			buildRules = (
			);
			dependencies = (
				72DB006F2094361F00FB0983 /* PBXTargetDependency */,
			);
			name = Swim4LoveUITests;
			productName = Swim4LoveUITests;
			productReference = 72DB006D2094361F00FB0983 /* Swim4LoveUITests.xctest */;
			productType = "com.apple.product-type.bundle.ui-testing";
		};
/* End PBXNativeTarget section */

/* Begin PBXProject section */
		72DB00462094361F00FB0983 /* Project object */ = {
			isa = PBXProject;
			attributes = {
				LastSwiftUpdateCheck = 0920;
				LastUpgradeCheck = 0920;
				ORGANIZATIONNAME = "Johnson Zhou";
				TargetAttributes = {
					72DB004D2094361F00FB0983 = {
						CreatedOnToolsVersion = 9.2;
						ProvisioningStyle = Automatic;
					};
					72DB00612094361F00FB0983 = {
						CreatedOnToolsVersion = 9.2;
						ProvisioningStyle = Automatic;
						TestTargetID = 72DB004D2094361F00FB0983;
					};
					72DB006C2094361F00FB0983 = {
						CreatedOnToolsVersion = 9.2;
						ProvisioningStyle = Automatic;
						TestTargetID = 72DB004D2094361F00FB0983;
					};
				};
			};
			buildConfigurationList = 72DB00492094361F00FB0983 /* Build configuration list for PBXProject "Swim4Love" */;
			compatibilityVersion = "Xcode 8.0";
			developmentRegion = en;
			hasScannedForEncodings = 0;
			knownRegions = (
				en,
				Base,
			);
			mainGroup = 72DB00452094361F00FB0983;
			productRefGroup = 72DB004F2094361F00FB0983 /* Products */;
			projectDirPath = "";
			projectRoot = "";
			targets = (
				72DB004D2094361F00FB0983 /* Swim4Love */,
				72DB00612094361F00FB0983 /* Swim4LoveTests */,
				72DB006C2094361F00FB0983 /* Swim4LoveUITests */,
			);
		};
/* End PBXProject section */

/* Begin PBXResourcesBuildPhase section */
		72DB004C2094361F00FB0983 /* Resources */ = {
			isa = PBXResourcesBuildPhase;
			buildActionMask = 2147483647;
			files = (
				72DB005C2094361F00FB0983 /* LaunchScreen.storyboard in Resources */,
				72DB00592094361F00FB0983 /* Assets.xcassets in Resources */,
				72DB00572094361F00FB0983 /* Main.storyboard in Resources */,
			);
			runOnlyForDeploymentPostprocessing = 0;
		};
		72DB00602094361F00FB0983 /* Resources */ = {
			isa = PBXResourcesBuildPhase;
			buildActionMask = 2147483647;
			files = (
			);
			runOnlyForDeploymentPostprocessing = 0;
		};
		72DB006B2094361F00FB0983 /* Resources */ = {
			isa = PBXResourcesBuildPhase;
			buildActionMask = 2147483647;
			files = (
			);
			runOnlyForDeploymentPostprocessing = 0;
		};
/* End PBXResourcesBuildPhase section */

/* Begin PBXSourcesBuildPhase section */
		72DB004A2094361F00FB0983 /* Sources */ = {
			isa = PBXSourcesBuildPhase;
			buildActionMask = 2147483647;
			files = (
				72DB00542094361F00FB0983 /* NewsViewController.swift in Sources */,
				72DB008420948E4500FB0983 /* PersonalDetailViewController.swift in Sources */,
				72DB0080209479CF00FB0983 /* LeaderboardViewController.swift in Sources */,
				72DB008220947D0700FB0983 /* PersonalViewController.swift in Sources */,
				72A6CD012099867300485ADC /* QRCameraViewController.swift in Sources */,
				72DB00522094361F00FB0983 /* AppDelegate.swift in Sources */,
			);
			runOnlyForDeploymentPostprocessing = 0;
		};
		72DB005E2094361F00FB0983 /* Sources */ = {
			isa = PBXSourcesBuildPhase;
			buildActionMask = 2147483647;
			files = (
				72DB00672094361F00FB0983 /* Swim4LoveTests.swift in Sources */,
			);
			runOnlyForDeploymentPostprocessing = 0;
		};
		72DB00692094361F00FB0983 /* Sources */ = {
			isa = PBXSourcesBuildPhase;
			buildActionMask = 2147483647;
			files = (
				72DB00722094361F00FB0983 /* Swim4LoveUITests.swift in Sources */,
			);
			runOnlyForDeploymentPostprocessing = 0;
		};
/* End PBXSourcesBuildPhase section */

/* Begin PBXTargetDependency section */
		72DB00642094361F00FB0983 /* PBXTargetDependency */ = {
			isa = PBXTargetDependency;
			target = 72DB004D2094361F00FB0983 /* Swim4Love */;
			targetProxy = 72DB00632094361F00FB0983 /* PBXContainerItemProxy */;
		};
		72DB006F2094361F00FB0983 /* PBXTargetDependency */ = {
			isa = PBXTargetDependency;
			target = 72DB004D2094361F00FB0983 /* Swim4Love */;
			targetProxy = 72DB006E2094361F00FB0983 /* PBXContainerItemProxy */;
		};
/* End PBXTargetDependency section */

/* Begin PBXVariantGroup section */
		72DB00552094361F00FB0983 /* Main.storyboard */ = {
			isa = PBXVariantGroup;
			children = (
				72DB00562094361F00FB0983 /* Base */,
			);
			name = Main.storyboard;
			sourceTree = "<group>";
		};
		72DB005A2094361F00FB0983 /* LaunchScreen.storyboard */ = {
			isa = PBXVariantGroup;
			children = (
				72DB005B2094361F00FB0983 /* Base */,
			);
			name = LaunchScreen.storyboard;
			sourceTree = "<group>";
		};
/* End PBXVariantGroup section */

/* Begin XCBuildConfiguration section */
		72DB00742094361F00FB0983 /* Debug */ = {
			isa = XCBuildConfiguration;
			buildSettings = {
				ALWAYS_SEARCH_USER_PATHS = NO;
				CLANG_ANALYZER_NONNULL = YES;
				CLANG_ANALYZER_NUMBER_OBJECT_CONVERSION = YES_AGGRESSIVE;
				CLANG_CXX_LANGUAGE_STANDARD = "gnu++14";
				CLANG_CXX_LIBRARY = "libc++";
				CLANG_ENABLE_MODULES = YES;
				CLANG_ENABLE_OBJC_ARC = YES;
				CLANG_WARN_BLOCK_CAPTURE_AUTORELEASING = YES;
				CLANG_WARN_BOOL_CONVERSION = YES;
				CLANG_WARN_COMMA = YES;
				CLANG_WARN_CONSTANT_CONVERSION = YES;
				CLANG_WARN_DIRECT_OBJC_ISA_USAGE = YES_ERROR;
				CLANG_WARN_DOCUMENTATION_COMMENTS = YES;
				CLANG_WARN_EMPTY_BODY = YES;
				CLANG_WARN_ENUM_CONVERSION = YES;
				CLANG_WARN_INFINITE_RECURSION = YES;
				CLANG_WARN_INT_CONVERSION = YES;
				CLANG_WARN_NON_LITERAL_NULL_CONVERSION = YES;
				CLANG_WARN_OBJC_LITERAL_CONVERSION = YES;
				CLANG_WARN_OBJC_ROOT_CLASS = YES_ERROR;
				CLANG_WARN_RANGE_LOOP_ANALYSIS = YES;
				CLANG_WARN_STRICT_PROTOTYPES = YES;
				CLANG_WARN_SUSPICIOUS_MOVE = YES;
				CLANG_WARN_UNGUARDED_AVAILABILITY = YES_AGGRESSIVE;
				CLANG_WARN_UNREACHABLE_CODE = YES;
				CLANG_WARN__DUPLICATE_METHOD_MATCH = YES;
				CODE_SIGN_IDENTITY = "iPhone Developer";
				COPY_PHASE_STRIP = NO;
				DEBUG_INFORMATION_FORMAT = dwarf;
				ENABLE_STRICT_OBJC_MSGSEND = YES;
				ENABLE_TESTABILITY = YES;
				GCC_C_LANGUAGE_STANDARD = gnu11;
				GCC_DYNAMIC_NO_PIC = NO;
				GCC_NO_COMMON_BLOCKS = YES;
				GCC_OPTIMIZATION_LEVEL = 0;
				GCC_PREPROCESSOR_DEFINITIONS = (
					"DEBUG=1",
					"$(inherited)",
				);
				GCC_WARN_64_TO_32_BIT_CONVERSION = YES;
				GCC_WARN_ABOUT_RETURN_TYPE = YES_ERROR;
				GCC_WARN_UNDECLARED_SELECTOR = YES;
				GCC_WARN_UNINITIALIZED_AUTOS = YES_AGGRESSIVE;
				GCC_WARN_UNUSED_FUNCTION = YES;
				GCC_WARN_UNUSED_VARIABLE = YES;
				IPHONEOS_DEPLOYMENT_TARGET = 11.2;
				MTL_ENABLE_DEBUG_INFO = YES;
				ONLY_ACTIVE_ARCH = YES;
				SDKROOT = iphoneos;
				SWIFT_ACTIVE_COMPILATION_CONDITIONS = DEBUG;
				SWIFT_OPTIMIZATION_LEVEL = "-Onone";
			};
			name = Debug;
		};
		72DB00752094361F00FB0983 /* Release */ = {
			isa = XCBuildConfiguration;
			buildSettings = {
				ALWAYS_SEARCH_USER_PATHS = NO;
				CLANG_ANALYZER_NONNULL = YES;
				CLANG_ANALYZER_NUMBER_OBJECT_CONVERSION = YES_AGGRESSIVE;
				CLANG_CXX_LANGUAGE_STANDARD = "gnu++14";
				CLANG_CXX_LIBRARY = "libc++";
				CLANG_ENABLE_MODULES = YES;
				CLANG_ENABLE_OBJC_ARC = YES;
				CLANG_WARN_BLOCK_CAPTURE_AUTORELEASING = YES;
				CLANG_WARN_BOOL_CONVERSION = YES;
				CLANG_WARN_COMMA = YES;
				CLANG_WARN_CONSTANT_CONVERSION = YES;
				CLANG_WARN_DIRECT_OBJC_ISA_USAGE = YES_ERROR;
				CLANG_WARN_DOCUMENTATION_COMMENTS = YES;
				CLANG_WARN_EMPTY_BODY = YES;
				CLANG_WARN_ENUM_CONVERSION = YES;
				CLANG_WARN_INFINITE_RECURSION = YES;
				CLANG_WARN_INT_CONVERSION = YES;
				CLANG_WARN_NON_LITERAL_NULL_CONVERSION = YES;
				CLANG_WARN_OBJC_LITERAL_CONVERSION = YES;
				CLANG_WARN_OBJC_ROOT_CLASS = YES_ERROR;
				CLANG_WARN_RANGE_LOOP_ANALYSIS = YES;
				CLANG_WARN_STRICT_PROTOTYPES = YES;
				CLANG_WARN_SUSPICIOUS_MOVE = YES;
				CLANG_WARN_UNGUARDED_AVAILABILITY = YES_AGGRESSIVE;
				CLANG_WARN_UNREACHABLE_CODE = YES;
				CLANG_WARN__DUPLICATE_METHOD_MATCH = YES;
				CODE_SIGN_IDENTITY = "iPhone Developer";
				COPY_PHASE_STRIP = NO;
				DEBUG_INFORMATION_FORMAT = "dwarf-with-dsym";
				ENABLE_NS_ASSERTIONS = NO;
				ENABLE_STRICT_OBJC_MSGSEND = YES;
				GCC_C_LANGUAGE_STANDARD = gnu11;
				GCC_NO_COMMON_BLOCKS = YES;
				GCC_WARN_64_TO_32_BIT_CONVERSION = YES;
				GCC_WARN_ABOUT_RETURN_TYPE = YES_ERROR;
				GCC_WARN_UNDECLARED_SELECTOR = YES;
				GCC_WARN_UNINITIALIZED_AUTOS = YES_AGGRESSIVE;
				GCC_WARN_UNUSED_FUNCTION = YES;
				GCC_WARN_UNUSED_VARIABLE = YES;
				IPHONEOS_DEPLOYMENT_TARGET = 11.2;
				MTL_ENABLE_DEBUG_INFO = NO;
				SDKROOT = iphoneos;
				SWIFT_OPTIMIZATION_LEVEL = "-Owholemodule";
				VALIDATE_PRODUCT = YES;
			};
			name = Release;
		};
		72DB00772094361F00FB0983 /* Debug */ = {
			isa = XCBuildConfiguration;
			buildSettings = {
				ASSETCATALOG_COMPILER_APPICON_NAME = AppIcon;
				CODE_SIGN_STYLE = Automatic;
				DEVELOPMENT_TEAM = 486B9F2DGV;
				INFOPLIST_FILE = Swim4Love/Info.plist;
				LD_RUNPATH_SEARCH_PATHS = "$(inherited) @executable_path/Frameworks";
				PRODUCT_BUNDLE_IDENTIFIER = JZ.Swim4Love;
				PRODUCT_NAME = "$(TARGET_NAME)";
				SWIFT_VERSION = 4.0;
				TARGETED_DEVICE_FAMILY = "1,2";
			};
			name = Debug;
		};
		72DB00782094361F00FB0983 /* Release */ = {
			isa = XCBuildConfiguration;
			buildSettings = {
				ASSETCATALOG_COMPILER_APPICON_NAME = AppIcon;
				CODE_SIGN_STYLE = Automatic;
				DEVELOPMENT_TEAM = 486B9F2DGV;
				INFOPLIST_FILE = Swim4Love/Info.plist;
				LD_RUNPATH_SEARCH_PATHS = "$(inherited) @executable_path/Frameworks";
				PRODUCT_BUNDLE_IDENTIFIER = JZ.Swim4Love;
				PRODUCT_NAME = "$(TARGET_NAME)";
				SWIFT_VERSION = 4.0;
				TARGETED_DEVICE_FAMILY = "1,2";
			};
			name = Release;
		};
		72DB007A2094361F00FB0983 /* Debug */ = {
			isa = XCBuildConfiguration;
			buildSettings = {
				ALWAYS_EMBED_SWIFT_STANDARD_LIBRARIES = YES;
				BUNDLE_LOADER = "$(TEST_HOST)";
				CODE_SIGN_STYLE = Automatic;
				DEVELOPMENT_TEAM = 486B9F2DGV;
				INFOPLIST_FILE = Swim4LoveTests/Info.plist;
				LD_RUNPATH_SEARCH_PATHS = "$(inherited) @executable_path/Frameworks @loader_path/Frameworks";
				PRODUCT_BUNDLE_IDENTIFIER = JZ.Swim4LoveTests;
				PRODUCT_NAME = "$(TARGET_NAME)";
				SWIFT_VERSION = 4.0;
				TARGETED_DEVICE_FAMILY = "1,2";
				TEST_HOST = "$(BUILT_PRODUCTS_DIR)/Swim4Love.app/Swim4Love";
			};
			name = Debug;
		};
		72DB007B2094361F00FB0983 /* Release */ = {
			isa = XCBuildConfiguration;
			buildSettings = {
				ALWAYS_EMBED_SWIFT_STANDARD_LIBRARIES = YES;
				BUNDLE_LOADER = "$(TEST_HOST)";
				CODE_SIGN_STYLE = Automatic;
				DEVELOPMENT_TEAM = 486B9F2DGV;
				INFOPLIST_FILE = Swim4LoveTests/Info.plist;
				LD_RUNPATH_SEARCH_PATHS = "$(inherited) @executable_path/Frameworks @loader_path/Frameworks";
				PRODUCT_BUNDLE_IDENTIFIER = JZ.Swim4LoveTests;
				PRODUCT_NAME = "$(TARGET_NAME)";
				SWIFT_VERSION = 4.0;
				TARGETED_DEVICE_FAMILY = "1,2";
				TEST_HOST = "$(BUILT_PRODUCTS_DIR)/Swim4Love.app/Swim4Love";
			};
			name = Release;
		};
		72DB007D2094361F00FB0983 /* Debug */ = {
			isa = XCBuildConfiguration;
			buildSettings = {
				ALWAYS_EMBED_SWIFT_STANDARD_LIBRARIES = YES;
				CODE_SIGN_STYLE = Automatic;
				DEVELOPMENT_TEAM = 486B9F2DGV;
				INFOPLIST_FILE = Swim4LoveUITests/Info.plist;
				LD_RUNPATH_SEARCH_PATHS = "$(inherited) @executable_path/Frameworks @loader_path/Frameworks";
				PRODUCT_BUNDLE_IDENTIFIER = JZ.Swim4LoveUITests;
				PRODUCT_NAME = "$(TARGET_NAME)";
				SWIFT_VERSION = 4.0;
				TARGETED_DEVICE_FAMILY = "1,2";
				TEST_TARGET_NAME = Swim4Love;
			};
			name = Debug;
		};
		72DB007E2094361F00FB0983 /* Release */ = {
			isa = XCBuildConfiguration;
			buildSettings = {
				ALWAYS_EMBED_SWIFT_STANDARD_LIBRARIES = YES;
				CODE_SIGN_STYLE = Automatic;
				DEVELOPMENT_TEAM = 486B9F2DGV;
				INFOPLIST_FILE = Swim4LoveUITests/Info.plist;
				LD_RUNPATH_SEARCH_PATHS = "$(inherited) @executable_path/Frameworks @loader_path/Frameworks";
				PRODUCT_BUNDLE_IDENTIFIER = JZ.Swim4LoveUITests;
				PRODUCT_NAME = "$(TARGET_NAME)";
				SWIFT_VERSION = 4.0;
				TARGETED_DEVICE_FAMILY = "1,2";
				TEST_TARGET_NAME = Swim4Love;
			};
			name = Release;
		};
/* End XCBuildConfiguration section */

/* Begin XCConfigurationList section */
		72DB00492094361F00FB0983 /* Build configuration list for PBXProject "Swim4Love" */ = {
			isa = XCConfigurationList;
			buildConfigurations = (
				72DB00742094361F00FB0983 /* Debug */,
				72DB00752094361F00FB0983 /* Release */,
			);
			defaultConfigurationIsVisible = 0;
			defaultConfigurationName = Release;
		};
		72DB00762094361F00FB0983 /* Build configuration list for PBXNativeTarget "Swim4Love" */ = {
			isa = XCConfigurationList;
			buildConfigurations = (
				72DB00772094361F00FB0983 /* Debug */,
				72DB00782094361F00FB0983 /* Release */,
			);
			defaultConfigurationIsVisible = 0;
			defaultConfigurationName = Release;
		};
		72DB00792094361F00FB0983 /* Build configuration list for PBXNativeTarget "Swim4LoveTests" */ = {
			isa = XCConfigurationList;
			buildConfigurations = (
				72DB007A2094361F00FB0983 /* Debug */,
				72DB007B2094361F00FB0983 /* Release */,
			);
			defaultConfigurationIsVisible = 0;
			defaultConfigurationName = Release;
		};
		72DB007C2094361F00FB0983 /* Build configuration list for PBXNativeTarget "Swim4LoveUITests" */ = {
			isa = XCConfigurationList;
			buildConfigurations = (
				72DB007D2094361F00FB0983 /* Debug */,
				72DB007E2094361F00FB0983 /* Release */,
			);
			defaultConfigurationIsVisible = 0;
			defaultConfigurationName = Release;
		};
/* End XCConfigurationList section */
	};
	rootObject = 72DB00462094361F00FB0983 /* Project object */;
}
